
Microsoft Visual Studio Solution File, Format Version 12.00
# Visual Studio 15
VisualStudioVersion = 15.0.28010.2046
MinimumVisualStudioVersion = 10.0.40219.1
Project("{FAE04EC0-301F-11D3-BF4B-00C04F79EFBC}") = "ECMA2Template", "ECMA2Template.csproj", "{9CFF751E-9DCE-4A46-B906-110591D98377}"
EndProject
Global
	GlobalSection(SolutionConfigurationPlatforms) = preSolution
		Debug|Any CPU = Debug|Any CPU
		Release|Any CPU = Release|Any CPU
	EndGlobalSection
	GlobalSection(ProjectConfigurationPlatforms) = postSolution
		{9CFF751E-9DCE-4A46-B906-110591D98377}.Debug|Any CPU.ActiveCfg = Debug|Any CPU
		{9CFF751E-9DCE-4A46-B906-110591D98377}.Debug|Any CPU.Build.0 = Debug|Any CPU
		{9CFF751E-9DCE-4A46-B906-110591D98377}.Release|Any CPU.ActiveCfg = Release|Any CPU
		{9CFF751E-9DCE-4A46-B906-110591D98377}.Release|Any CPU.Build.0 = Release|Any CPU
	EndGlobalSection
	GlobalSection(SolutionProperties) = preSolution
		HideSolutionNode = FALSE
	EndGlobalSection
	GlobalSection(ExtensibilityGlobals) = postSolution
		SolutionGuid = {F17CC5AE-8738-4355-BBEE-EAC012E4EE4A}
	EndGlobalSection
EndGlobal
